
Microsoft Visual Studio Solution File, Format Version 12.00
# Visual Studio Version 16
VisualStudioVersion = 16.0.808.4
MinimumVisualStudioVersion = 10.0.40219.1
Project("{FAE04EC0-301F-11D3-BF4B-00C04F79EFBC}") = "dotnet-example-extension", "dotnet-example-extension.csproj", "{A11EBE2A-9C5C-4A10-8333-07D78BB0E268}"
EndProject
Global
	GlobalSection(SolutionConfigurationPlatforms) = preSolution
		Debug|Any CPU = Debug|Any CPU
		Release|Any CPU = Release|Any CPU
	EndGlobalSection
	GlobalSection(ProjectConfigurationPlatforms) = postSolution
		{A11EBE2A-9C5C-4A10-8333-07D78BB0E268}.Debug|Any CPU.ActiveCfg = Debug|Any CPU
		{A11EBE2A-9C5C-4A10-8333-07D78BB0E268}.Debug|Any CPU.Build.0 = Debug|Any CPU
		{A11EBE2A-9C5C-4A10-8333-07D78BB0E268}.Release|Any CPU.ActiveCfg = Release|Any CPU
		{A11EBE2A-9C5C-4A10-8333-07D78BB0E268}.Release|Any CPU.Build.0 = Release|Any CPU
	EndGlobalSection
	GlobalSection(SolutionProperties) = preSolution
		HideSolutionNode = FALSE
	EndGlobalSection
	GlobalSection(ExtensibilityGlobals) = postSolution
		SolutionGuid = {4B68EFD7-1971-464A-8678-F8290E0A12F3}
	EndGlobalSection
EndGlobal
